
Microsoft Visual Studio Solution File, Format Version 12.00
# Visual Studio 15
VisualStudioVersion = 15.0.28010.2041
MinimumVisualStudioVersion = 10.0.40219.1
Project("{9A19103F-16F7-4668-BE54-9A1E7A4F7556}") = "tunder", "Tunder\tunder.csproj", "{77FC7A77-6DAD-4E7A-B18C-D0B16A72B5EE}"
EndProject
Project("{9A19103F-16F7-4668-BE54-9A1E7A4F7556}") = "Data", "Data\Data.csproj", "{94FEA0DE-6C54-46EE-B6DE-C48D6CD74F9C}"
EndProject
Project("{E53339B2-1760-4266-BCC7-CA923CBCF16C}") = "docker-compose", "docker-compose.dcproj", "{FA055436-0E0E-43ED-ADBA-8A0715D6654D}"
EndProject
Global
	GlobalSection(SolutionConfigurationPlatforms) = preSolution
		Debug|Any CPU = Debug|Any CPU
		Release|Any CPU = Release|Any CPU
	EndGlobalSection
	GlobalSection(ProjectConfigurationPlatforms) = postSolution
		{77FC7A77-6DAD-4E7A-B18C-D0B16A72B5EE}.Debug|Any CPU.ActiveCfg = Debug|Any CPU
		{77FC7A77-6DAD-4E7A-B18C-D0B16A72B5EE}.Debug|Any CPU.Build.0 = Debug|Any CPU
		{77FC7A77-6DAD-4E7A-B18C-D0B16A72B5EE}.Release|Any CPU.ActiveCfg = Release|Any CPU
		{77FC7A77-6DAD-4E7A-B18C-D0B16A72B5EE}.Release|Any CPU.Build.0 = Release|Any CPU
		{94FEA0DE-6C54-46EE-B6DE-C48D6CD74F9C}.Debug|Any CPU.ActiveCfg = Debug|Any CPU
		{94FEA0DE-6C54-46EE-B6DE-C48D6CD74F9C}.Debug|Any CPU.Build.0 = Debug|Any CPU
		{94FEA0DE-6C54-46EE-B6DE-C48D6CD74F9C}.Release|Any CPU.ActiveCfg = Release|Any CPU
		{94FEA0DE-6C54-46EE-B6DE-C48D6CD74F9C}.Release|Any CPU.Build.0 = Release|Any CPU
		{FA055436-0E0E-43ED-ADBA-8A0715D6654D}.Debug|Any CPU.ActiveCfg = Debug|Any CPU
		{FA055436-0E0E-43ED-ADBA-8A0715D6654D}.Debug|Any CPU.Build.0 = Debug|Any CPU
		{FA055436-0E0E-43ED-ADBA-8A0715D6654D}.Release|Any CPU.ActiveCfg = Release|Any CPU
		{FA055436-0E0E-43ED-ADBA-8A0715D6654D}.Release|Any CPU.Build.0 = Release|Any CPU
	EndGlobalSection
	GlobalSection(SolutionProperties) = preSolution
		HideSolutionNode = FALSE
	EndGlobalSection
	GlobalSection(ExtensibilityGlobals) = postSolution
		SolutionGuid = {844DB429-A1BA-41C0-82AB-45AC5176ED89}
	EndGlobalSection
EndGlobal
