
Microsoft Visual Studio Solution File, Format Version 12.00
Project("{FAE04EC0-301F-11D3-BF4B-00C04F79EFBC}") = "tunder", "tunder.csproj", "{77FC7A77-6DAD-4E7A-B18C-D0B16A72B5EE}"
EndProject
Global
	GlobalSection(SolutionConfigurationPlatforms) = preSolution
		Debug|Any CPU = Debug|Any CPU
		Release|Any CPU = Release|Any CPU
	EndGlobalSection
	GlobalSection(ProjectConfigurationPlatforms) = postSolution
		{77FC7A77-6DAD-4E7A-B18C-D0B16A72B5EE}.Debug|Any CPU.ActiveCfg = Debug|Any CPU
		{77FC7A77-6DAD-4E7A-B18C-D0B16A72B5EE}.Debug|Any CPU.Build.0 = Debug|Any CPU
		{77FC7A77-6DAD-4E7A-B18C-D0B16A72B5EE}.Release|Any CPU.ActiveCfg = Release|Any CPU
		{77FC7A77-6DAD-4E7A-B18C-D0B16A72B5EE}.Release|Any CPU.Build.0 = Release|Any CPU
	EndGlobalSection
EndGlobal
